
Microsoft Visual Studio Solution File, Format Version 12.00
# Visual Studio 15
VisualStudioVersion = 15.0.28307.168
MinimumVisualStudioVersion = 10.0.40219.1
Project("{FAE04EC0-301F-11D3-BF4B-00C04F79EFBC}") = "DisableSleep", "WindowsFormsApp1\DisableSleep.csproj", "{EFEF0D30-4396-45CF-9DC4-1DF83BC5580A}"
EndProject
Global
	GlobalSection(SolutionConfigurationPlatforms) = preSolution
		Debug|Any CPU = Debug|Any CPU
		Release|Any CPU = Release|Any CPU
	EndGlobalSection
	GlobalSection(ProjectConfigurationPlatforms) = postSolution
		{EFEF0D30-4396-45CF-9DC4-1DF83BC5580A}.Debug|Any CPU.ActiveCfg = Debug|Any CPU
		{EFEF0D30-4396-45CF-9DC4-1DF83BC5580A}.Debug|Any CPU.Build.0 = Debug|Any CPU
		{EFEF0D30-4396-45CF-9DC4-1DF83BC5580A}.Release|Any CPU.ActiveCfg = Release|Any CPU
		{EFEF0D30-4396-45CF-9DC4-1DF83BC5580A}.Release|Any CPU.Build.0 = Release|Any CPU
	EndGlobalSection
	GlobalSection(SolutionProperties) = preSolution
		HideSolutionNode = FALSE
	EndGlobalSection
	GlobalSection(ExtensibilityGlobals) = postSolution
		SolutionGuid = {72F10066-66C7-4996-9F18-959455039B8B}
	EndGlobalSection
EndGlobal
